github.com/88250/gulu v1.2.2 h1:LsuDSXI4GjqAD2XasG/DJEHuboKXU2lhZ9w0mnfJj3Y=
github.com/88250/gulu v1.2.2/go.mod h1:I1qBzsksFL2ciGSuqDE7R3XW4BUMrfDgOvSXEk7FsAI=
golang.org/x/text v0.13.0 h1:ablQoSUd0tRdKxZewP80B+BaqeKJuVhuRxj/dkrun3k=
golang.org/x/text v0.13.0/go.mod h1:TvPlkZtksWOMsz7fbANvkp4WM8x/WCo/om8BMLbz+aE=
